
Microsoft Visual Studio Solution File, Format Version 12.00
# Visual Studio 15
VisualStudioVersion = 15.0.26730.12
MinimumVisualStudioVersion = 10.0.40219.1
Project("{8BC9CEB8-8B4A-11D0-8D11-00A0C91BC942}") = "Trees", "Trees\Trees.vcxproj", "{DC09FF21-DB51-4F2E-96C5-C89415201F56}"
EndProject
Project("{8BC9CEB8-8B4A-11D0-8D11-00A0C91BC942}") = "TreeTest", "TreeTest\TreeTest.vcxproj", "{D84C23BF-A72E-44A1-B06F-5FD7744194E3}"
EndProject
Global
	GlobalSection(SolutionConfigurationPlatforms) = preSolution
		Debug|x64 = Debug|x64
		Debug|x86 = Debug|x86
		Release|x64 = Release|x64
		Release|x86 = Release|x86
	EndGlobalSection
	GlobalSection(ProjectConfigurationPlatforms) = postSolution
		{DC09FF21-DB51-4F2E-96C5-C89415201F56}.Debug|x64.ActiveCfg = Debug|x64
		{DC09FF21-DB51-4F2E-96C5-C89415201F56}.Debug|x64.Build.0 = Debug|x64
		{DC09FF21-DB51-4F2E-96C5-C89415201F56}.Debug|x86.ActiveCfg = Debug|Win32
		{DC09FF21-DB51-4F2E-96C5-C89415201F56}.Debug|x86.Build.0 = Debug|Win32
		{DC09FF21-DB51-4F2E-96C5-C89415201F56}.Release|x64.ActiveCfg = Release|x64
		{DC09FF21-DB51-4F2E-96C5-C89415201F56}.Release|x64.Build.0 = Release|x64
		{DC09FF21-DB51-4F2E-96C5-C89415201F56}.Release|x86.ActiveCfg = Release|Win32
		{DC09FF21-DB51-4F2E-96C5-C89415201F56}.Release|x86.Build.0 = Release|Win32
		{D84C23BF-A72E-44A1-B06F-5FD7744194E3}.Debug|x64.ActiveCfg = Debug|x64
		{D84C23BF-A72E-44A1-B06F-5FD7744194E3}.Debug|x64.Build.0 = Debug|x64
		{D84C23BF-A72E-44A1-B06F-5FD7744194E3}.Debug|x86.ActiveCfg = Debug|Win32
		{D84C23BF-A72E-44A1-B06F-5FD7744194E3}.Debug|x86.Build.0 = Debug|Win32
		{D84C23BF-A72E-44A1-B06F-5FD7744194E3}.Release|x64.ActiveCfg = Release|x64
		{D84C23BF-A72E-44A1-B06F-5FD7744194E3}.Release|x64.Build.0 = Release|x64
		{D84C23BF-A72E-44A1-B06F-5FD7744194E3}.Release|x86.ActiveCfg = Release|Win32
		{D84C23BF-A72E-44A1-B06F-5FD7744194E3}.Release|x86.Build.0 = Release|Win32
	EndGlobalSection
	GlobalSection(SolutionProperties) = preSolution
		HideSolutionNode = FALSE
	EndGlobalSection
	GlobalSection(ExtensibilityGlobals) = postSolution
		SolutionGuid = {E9062D38-F43F-48F7-8D7C-48C3126F7AF0}
	EndGlobalSection
EndGlobal
